
Microsoft Visual Studio Solution File, Format Version 12.00
# Visual Studio Version 16
VisualStudioVersion = 16.0.29326.143
MinimumVisualStudioVersion = 15.0.26124.0
Project("{9A19103F-16F7-4668-BE54-9A1E7A4F7556}") = "SensorApi", "SensorApi\SensorApi.csproj", "{160A52C3-A58D-4EC5-A213-7927407CE4B1}"
EndProject
Project("{2150E333-8FDC-42A3-9474-1A3956D46DE8}") = "Solution Items", "Solution Items", "{EB3AEC3D-A7E1-4705-A745-6DF0DBCB6265}"
	ProjectSection(SolutionItems) = preProject
		.dockerignore = .dockerignore
		.editorconfig = .editorconfig
		.gitattributes = .gitattributes
		.gitignore = .gitignore
		docker-compose.override.yml = docker-compose.override.yml
		LICENSE = LICENSE
	EndProjectSection
EndProject
Global
	GlobalSection(SolutionConfigurationPlatforms) = preSolution
		Debug|Any CPU = Debug|Any CPU
		Debug|x64 = Debug|x64
		Debug|x86 = Debug|x86
		Release|Any CPU = Release|Any CPU
		Release|x64 = Release|x64
		Release|x86 = Release|x86
	EndGlobalSection
	GlobalSection(ProjectConfigurationPlatforms) = postSolution
		{160A52C3-A58D-4EC5-A213-7927407CE4B1}.Debug|Any CPU.ActiveCfg = Debug|Any CPU
		{160A52C3-A58D-4EC5-A213-7927407CE4B1}.Debug|Any CPU.Build.0 = Debug|Any CPU
		{160A52C3-A58D-4EC5-A213-7927407CE4B1}.Debug|x64.ActiveCfg = Debug|Any CPU
		{160A52C3-A58D-4EC5-A213-7927407CE4B1}.Debug|x64.Build.0 = Debug|Any CPU
		{160A52C3-A58D-4EC5-A213-7927407CE4B1}.Debug|x86.ActiveCfg = Debug|Any CPU
		{160A52C3-A58D-4EC5-A213-7927407CE4B1}.Debug|x86.Build.0 = Debug|Any CPU
		{160A52C3-A58D-4EC5-A213-7927407CE4B1}.Release|Any CPU.ActiveCfg = Release|Any CPU
		{160A52C3-A58D-4EC5-A213-7927407CE4B1}.Release|Any CPU.Build.0 = Release|Any CPU
		{160A52C3-A58D-4EC5-A213-7927407CE4B1}.Release|x64.ActiveCfg = Release|Any CPU
		{160A52C3-A58D-4EC5-A213-7927407CE4B1}.Release|x64.Build.0 = Release|Any CPU
		{160A52C3-A58D-4EC5-A213-7927407CE4B1}.Release|x86.ActiveCfg = Release|Any CPU
		{160A52C3-A58D-4EC5-A213-7927407CE4B1}.Release|x86.Build.0 = Release|Any CPU
	EndGlobalSection
	GlobalSection(SolutionProperties) = preSolution
		HideSolutionNode = FALSE
	EndGlobalSection
	GlobalSection(ExtensibilityGlobals) = postSolution
		SolutionGuid = {C2061DC0-05B1-4655-9E87-E9DFD6EF8B91}
	EndGlobalSection
EndGlobal
